
Microsoft Visual Studio Solution File, Format Version 12.00
# Visual Studio 15
VisualStudioVersion = 15.0.27703.2042
MinimumVisualStudioVersion = 10.0.40219.1
Project("{FAE04EC0-301F-11D3-BF4B-00C04F79EFBC}") = "NetCoreBlog", "NetCoreBlog\NetCoreBlog.csproj", "{362AACAD-7798-4BCC-9424-74E42650327B}"
EndProject
Global
	GlobalSection(SolutionConfigurationPlatforms) = preSolution
		Debug|Any CPU = Debug|Any CPU
		Release|Any CPU = Release|Any CPU
	EndGlobalSection
	GlobalSection(ProjectConfigurationPlatforms) = postSolution
		{362AACAD-7798-4BCC-9424-74E42650327B}.Debug|Any CPU.ActiveCfg = Debug|Any CPU
		{362AACAD-7798-4BCC-9424-74E42650327B}.Debug|Any CPU.Build.0 = Debug|Any CPU
		{362AACAD-7798-4BCC-9424-74E42650327B}.Release|Any CPU.ActiveCfg = Release|Any CPU
		{362AACAD-7798-4BCC-9424-74E42650327B}.Release|Any CPU.Build.0 = Release|Any CPU
	EndGlobalSection
	GlobalSection(SolutionProperties) = preSolution
		HideSolutionNode = FALSE
	EndGlobalSection
	GlobalSection(ExtensibilityGlobals) = postSolution
		SolutionGuid = {F53E6BB6-3745-43B3-B398-F5378736F9B9}
	EndGlobalSection
EndGlobal
